
Microsoft Visual Studio Solution File, Format Version 12.00
# Visual Studio Version 17
VisualStudioVersion = 17.3.32825.248
MinimumVisualStudioVersion = 10.0.40219.1
Project("{FAE04EC0-301F-11D3-BF4B-00C04F79EFBC}") = "DirectoryScanner", "DirectoryScanner\DirectoryScanner.csproj", "{75E9FC81-0761-40E6-AFF4-9A74298A508B}"
EndProject
Global
	GlobalSection(SolutionConfigurationPlatforms) = preSolution
		Debug|Any CPU = Debug|Any CPU
		Release|Any CPU = Release|Any CPU
	EndGlobalSection
	GlobalSection(ProjectConfigurationPlatforms) = postSolution
		{75E9FC81-0761-40E6-AFF4-9A74298A508B}.Debug|Any CPU.ActiveCfg = Debug|Any CPU
		{75E9FC81-0761-40E6-AFF4-9A74298A508B}.Debug|Any CPU.Build.0 = Debug|Any CPU
		{75E9FC81-0761-40E6-AFF4-9A74298A508B}.Release|Any CPU.ActiveCfg = Release|Any CPU
		{75E9FC81-0761-40E6-AFF4-9A74298A508B}.Release|Any CPU.Build.0 = Release|Any CPU
	EndGlobalSection
	GlobalSection(SolutionProperties) = preSolution
		HideSolutionNode = FALSE
	EndGlobalSection
	GlobalSection(ExtensibilityGlobals) = postSolution
		SolutionGuid = {FC77D8AA-B64E-4C6B-8E13-11DE06B586A8}
	EndGlobalSection
EndGlobal
